// !$*UTF8*$!
{
	archiveVersion = 1;
	classes = {
	};
	objectVersion = 77;
	objects = {

/* Begin PBXBuildFile section */
		DE5322F530466E9300EFC326 /* NaelvolCore in Frameworks */ = {isa = PBXBuildFile; productRef = MK0000000000000000030 /* NaelvolCore */; };
		DE5322F630466E9300EFC326 /* NaelvolPose in Frameworks */ = {isa = PBXBuildFile; productRef = MK0000000000000000031 /* NaelvolPose */; };
		DE5322F730466E9300EFC326 /* NaelvolCapture in Frameworks */ = {isa = PBXBuildFile; productRef = MK0000000000000000032 /* NaelvolCapture */; };
		DE5322F830466E9300EFC326 /* NaelvolUI in Frameworks */ = {isa = PBXBuildFile; productRef = MK0000000000000000033 /* NaelvolUI */; };
		DE5322F930466E9300EFC326 /* NaelvolPoseTFLite in Frameworks */ = {isa = PBXBuildFile; productRef = MK0000000000000000034 /* NaelvolPoseTFLite */; };
		MK0000000000000000020 /* GolfSessionFormat in Frameworks */ = {isa = PBXBuildFile; productRef = MK0000000000000000010 /* GolfSessionFormat */; };
		MK0000000000000000021 /* GolfCaptureCore in Frameworks */ = {isa = PBXBuildFile; productRef = MK0000000000000000011 /* GolfCaptureCore */; };
		MK0000000000000000022 /* GolfCaptureMotion in Frameworks */ = {isa = PBXBuildFile; productRef = MK0000000000000000012 /* GolfCaptureMotion */; };
		MK0000000000000000023 /* GolfCourse in Frameworks */ = {isa = PBXBuildFile; productRef = MK0000000000000000013 /* GolfCourse */; };
		MK0000000000000000024 /* GolfMap in Frameworks */ = {isa = PBXBuildFile; productRef = MK0000000000000000014 /* GolfMap */; };
		MK0000000000000000025 /* GolfReconstruction in Frameworks */ = {isa = PBXBuildFile; productRef = MK0000000000000000015 /* GolfReconstruction */; };
		MK0000000000000000026 /* GolfTranscription in Frameworks */ = {isa = PBXBuildFile; productRef = MK0000000000000000016 /* GolfTranscription */; };
		MK0000000000000000027 /* GolfCourseOSM in Frameworks */ = {isa = PBXBuildFile; productRef = MK0000000000000000017 /* GolfCourseOSM */; };
		MK0000000000000000028 /* GolfTerrain in Frameworks */ = {isa = PBXBuildFile; productRef = MK0000000000000000018 /* GolfTerrain */; };
		MK0000000000000000029 /* GolfExchange in Frameworks */ = {isa = PBXBuildFile; productRef = MK0000000000000000019 /* GolfExchange */; };
/* End PBXBuildFile section */

/* Begin PBXFileReference section */
		DE532142303D008500EFC326 /* Naelgol Marker.app */ = {isa = PBXFileReference; explicitFileType = wrapper.application; includeInIndex = 0; path = "Naelgol Marker.app"; sourceTree = BUILT_PRODUCTS_DIR; };
/* End PBXFileReference section */

/* Begin PBXFileSystemSynchronizedRootGroup section */
		DE532144303D008500EFC326 /* Naelgol Marker */ = {
			isa = PBXFileSystemSynchronizedRootGroup;
			path = "Naelgol Marker";
			sourceTree = "<group>";
		};
/* End PBXFileSystemSynchronizedRootGroup section */

/* Begin PBXFrameworksBuildPhase section */
		DE53213F303D008500EFC326 /* Frameworks */ = {
			isa = PBXFrameworksBuildPhase;
			buildActionMask = 2147483647;
			files = (
				DE5322F930466E9300EFC326 /* NaelvolPoseTFLite in Frameworks */,
				DE5322F830466E9300EFC326 /* NaelvolUI in Frameworks */,
				DE5322F730466E9300EFC326 /* NaelvolCapture in Frameworks */,
				DE5322F630466E9300EFC326 /* NaelvolPose in Frameworks */,
				DE5322F530466E9300EFC326 /* NaelvolCore in Frameworks */,
				MK0000000000000000020 /* GolfSessionFormat in Frameworks */,
				MK0000000000000000021 /* GolfCaptureCore in Frameworks */,
				MK0000000000000000022 /* GolfCaptureMotion in Frameworks */,
				MK0000000000000000023 /* GolfCourse in Frameworks */,
				MK0000000000000000027 /* GolfCourseOSM in Frameworks */,
				MK0000000000000000028 /* GolfTerrain in Frameworks */,
				MK0000000000000000029 /* GolfExchange in Frameworks */,
				MK0000000000000000024 /* GolfMap in Frameworks */,
				MK0000000000000000025 /* GolfReconstruction in Frameworks */,
				MK0000000000000000026 /* GolfTranscription in Frameworks */,
			);
			runOnlyForDeploymentPostprocessing = 0;
		};
/* End PBXFrameworksBuildPhase section */

/* Begin PBXGroup section */
		DE532139303D008500EFC326 = {
			isa = PBXGroup;
			children = (
				DE532144303D008500EFC326 /* Naelgol Marker */,
				DE532143303D008500EFC326 /* Products */,
			);
			sourceTree = "<group>";
		};
		DE532143303D008500EFC326 /* Products */ = {
			isa = PBXGroup;
			children = (
				DE532142303D008500EFC326 /* Naelgol Marker.app */,
			);
			name = Products;
			sourceTree = "<group>";
		};
/* End PBXGroup section */

/* Begin PBXNativeTarget section */
		DE532141303D008500EFC326 /* Naelgol Marker */ = {
			isa = PBXNativeTarget;
			buildConfigurationList = DE53214D303D008600EFC326 /* Build configuration list for PBXNativeTarget "Naelgol Marker" */;
			buildPhases = (
				DE53213E303D008500EFC326 /* Sources */,
				DE53213F303D008500EFC326 /* Frameworks */,
				DE532140303D008500EFC326 /* Resources */,
			);
			buildRules = (
			);
			dependencies = (
			);
			fileSystemSynchronizedGroups = (
				DE532144303D008500EFC326 /* Naelgol Marker */,
			);
			name = "Naelgol Marker";
			packageProductDependencies = (
				MK0000000000000000010 /* GolfSessionFormat */,
				MK0000000000000000011 /* GolfCaptureCore */,
				MK0000000000000000012 /* GolfCaptureMotion */,
				MK0000000000000000013 /* GolfCourse */,
				MK0000000000000000017 /* GolfCourseOSM */,
				MK0000000000000000018 /* GolfTerrain */,
				MK0000000000000000019 /* GolfExchange */,
				MK0000000000000000014 /* GolfMap */,
				MK0000000000000000015 /* GolfReconstruction */,
				MK0000000000000000016 /* GolfTranscription */,
				MK0000000000000000030 /* NaelvolCore */,
				MK0000000000000000031 /* NaelvolPose */,
				MK0000000000000000032 /* NaelvolCapture */,
				MK0000000000000000033 /* NaelvolUI */,
				MK0000000000000000034 /* NaelvolPoseTFLite */,
			);
			productName = "Naelgol Marker";
			productReference = DE532142303D008500EFC326 /* Naelgol Marker.app */;
			productType = "com.apple.product-type.application";
		};
/* End PBXNativeTarget section */

/* Begin PBXProject section */
		DE53213A303D008500EFC326 /* Project object */ = {
			isa = PBXProject;
			attributes = {
				BuildIndependentTargetsInParallel = 1;
				LastSwiftUpdateCheck = 2660;
				LastUpgradeCheck = 2660;
				TargetAttributes = {
					DE532141303D008500EFC326 = {
						CreatedOnToolsVersion = 26.6;
					};
				};
			};
			buildConfigurationList = DE53213D303D008500EFC326 /* Build configuration list for PBXProject "Naelgol Marker" */;
			developmentRegion = en;
			hasScannedForEncodings = 0;
			knownRegions = (
				en,
				Base,
			);
			mainGroup = DE532139303D008500EFC326;
			minimizedProjectReferenceProxies = 1;
			packageReferences = (
				MK0000000000000000001 /* XCLocalSwiftPackageReference "../.." */,
				MK0000000000000000002 /* XCLocalSwiftPackageReference "../../Naelvol" */,
				MK0000000000000000003 /* XCLocalSwiftPackageReference "../../Naelvol/TFLite" */,
			);
			preferredProjectObjectVersion = 77;
			productRefGroup = DE532143303D008500EFC326 /* Products */;
			projectDirPath = "";
			projectRoot = "";
			targets = (
				DE532141303D008500EFC326 /* Naelgol Marker */,
			);
		};
/* End PBXProject section */

/* Begin PBXResourcesBuildPhase section */
		DE532140303D008500EFC326 /* Resources */ = {
			isa = PBXResourcesBuildPhase;
			buildActionMask = 2147483647;
			files = (
			);
			runOnlyForDeploymentPostprocessing = 0;
		};
/* End PBXResourcesBuildPhase section */

/* Begin PBXSourcesBuildPhase section */
		DE53213E303D008500EFC326 /* Sources */ = {
			isa = PBXSourcesBuildPhase;
			buildActionMask = 2147483647;
			files = (
			);
			runOnlyForDeploymentPostprocessing = 0;
		};
/* End PBXSourcesBuildPhase section */

/* Begin XCBuildConfiguration section */
		DE53214B303D008600EFC326 /* Debug */ = {
			isa = XCBuildConfiguration;
			buildSettings = {
				ALWAYS_SEARCH_USER_PATHS = NO;
				ASSETCATALOG_COMPILER_GENERATE_SWIFT_ASSET_SYMBOL_EXTENSIONS = YES;
				CLANG_ANALYZER_NONNULL = YES;
				CLANG_ANALYZER_NUMBER_OBJECT_CONVERSION = YES_AGGRESSIVE;
				CLANG_CXX_LANGUAGE_STANDARD = "gnu++20";
				CLANG_ENABLE_MODULES = YES;
				CLANG_ENABLE_OBJC_ARC = YES;
				CLANG_ENABLE_OBJC_WEAK = YES;
				CLANG_WARN_BLOCK_CAPTURE_AUTORELEASING = YES;
				CLANG_WARN_BOOL_CONVERSION = YES;
				CLANG_WARN_COMMA = YES;
				CLANG_WARN_CONSTANT_CONVERSION = YES;
				CLANG_WARN_DEPRECATED_OBJC_IMPLEMENTATIONS = YES;
				CLANG_WARN_DIRECT_OBJC_ISA_USAGE = YES_ERROR;
				CLANG_WARN_DOCUMENTATION_COMMENTS = YES;
				CLANG_WARN_EMPTY_BODY = YES;
				CLANG_WARN_ENUM_CONVERSION = YES;
				CLANG_WARN_INFINITE_RECURSION = YES;
				CLANG_WARN_INT_CONVERSION = YES;
				CLANG_WARN_NON_LITERAL_NULL_CONVERSION = YES;
				CLANG_WARN_OBJC_IMPLICIT_RETAIN_SELF = YES;
				CLANG_WARN_OBJC_LITERAL_CONVERSION = YES;
				CLANG_WARN_OBJC_ROOT_CLASS = YES_ERROR;
				CLANG_WARN_QUOTED_INCLUDE_IN_FRAMEWORK_HEADER = YES;
				CLANG_WARN_RANGE_LOOP_ANALYSIS = YES;
				CLANG_WARN_STRICT_PROTOTYPES = YES;
				CLANG_WARN_SUSPICIOUS_MOVE = YES;
				CLANG_WARN_UNGUARDED_AVAILABILITY = YES_AGGRESSIVE;
				CLANG_WARN_UNREACHABLE_CODE = YES;
				CLANG_WARN__DUPLICATE_METHOD_MATCH = YES;
				COPY_PHASE_STRIP = NO;
				DEBUG_INFORMATION_FORMAT = dwarf;
				DEVELOPMENT_TEAM = NXSNHHAUQN;
				ENABLE_STRICT_OBJC_MSGSEND = YES;
				ENABLE_TESTABILITY = YES;
				ENABLE_USER_SCRIPT_SANDBOXING = YES;
				GCC_C_LANGUAGE_STANDARD = gnu17;
				GCC_DYNAMIC_NO_PIC = NO;
				GCC_NO_COMMON_BLOCKS = YES;
				GCC_OPTIMIZATION_LEVEL = 0;
				GCC_PREPROCESSOR_DEFINITIONS = (
					"DEBUG=1",
					"$(inherited)",
				);
				GCC_WARN_64_TO_32_BIT_CONVERSION = YES;
				GCC_WARN_ABOUT_RETURN_TYPE = YES_ERROR;
				GCC_WARN_UNDECLARED_SELECTOR = YES;
				GCC_WARN_UNINITIALIZED_AUTOS = YES_AGGRESSIVE;
				GCC_WARN_UNUSED_FUNCTION = YES;
				GCC_WARN_UNUSED_VARIABLE = YES;
				IPHONEOS_DEPLOYMENT_TARGET = 26.5;
				LOCALIZATION_PREFERS_STRING_CATALOGS = YES;
				MTL_ENABLE_DEBUG_INFO = INCLUDE_SOURCE;
				MTL_FAST_MATH = YES;
				ONLY_ACTIVE_ARCH = YES;
				SDKROOT = iphoneos;
				SWIFT_ACTIVE_COMPILATION_CONDITIONS = "DEBUG $(inherited)";
				SWIFT_OPTIMIZATION_LEVEL = "-Onone";
			};
			name = Debug;
		};
		DE53214C303D008600EFC326 /* Release */ = {
			isa = XCBuildConfiguration;
			buildSettings = {
				ALWAYS_SEARCH_USER_PATHS = NO;
				ASSETCATALOG_COMPILER_GENERATE_SWIFT_ASSET_SYMBOL_EXTENSIONS = YES;
				CLANG_ANALYZER_NONNULL = YES;
				CLANG_ANALYZER_NUMBER_OBJECT_CONVERSION = YES_AGGRESSIVE;
				CLANG_CXX_LANGUAGE_STANDARD = "gnu++20";
				CLANG_ENABLE_MODULES = YES;
				CLANG_ENABLE_OBJC_ARC = YES;
				CLANG_ENABLE_OBJC_WEAK = YES;
				CLANG_WARN_BLOCK_CAPTURE_AUTORELEASING = YES;
				CLANG_WARN_BOOL_CONVERSION = YES;
				CLANG_WARN_COMMA = YES;
				CLANG_WARN_CONSTANT_CONVERSION = YES;
				CLANG_WARN_DEPRECATED_OBJC_IMPLEMENTATIONS = YES;
				CLANG_WARN_DIRECT_OBJC_ISA_USAGE = YES_ERROR;
				CLANG_WARN_DOCUMENTATION_COMMENTS = YES;
				CLANG_WARN_EMPTY_BODY = YES;
				CLANG_WARN_ENUM_CONVERSION = YES;
				CLANG_WARN_INFINITE_RECURSION = YES;
				CLANG_WARN_INT_CONVERSION = YES;
				CLANG_WARN_NON_LITERAL_NULL_CONVERSION = YES;
				CLANG_WARN_OBJC_IMPLICIT_RETAIN_SELF = YES;
				CLANG_WARN_OBJC_LITERAL_CONVERSION = YES;
				CLANG_WARN_OBJC_ROOT_CLASS = YES_ERROR;
				CLANG_WARN_QUOTED_INCLUDE_IN_FRAMEWORK_HEADER = YES;
				CLANG_WARN_RANGE_LOOP_ANALYSIS = YES;
				CLANG_WARN_STRICT_PROTOTYPES = YES;
				CLANG_WARN_SUSPICIOUS_MOVE = YES;
				CLANG_WARN_UNGUARDED_AVAILABILITY = YES_AGGRESSIVE;
				CLANG_WARN_UNREACHABLE_CODE = YES;
				CLANG_WARN__DUPLICATE_METHOD_MATCH = YES;
				COPY_PHASE_STRIP = NO;
				DEBUG_INFORMATION_FORMAT = "dwarf-with-dsym";
				DEVELOPMENT_TEAM = NXSNHHAUQN;
				ENABLE_NS_ASSERTIONS = NO;
				ENABLE_STRICT_OBJC_MSGSEND = YES;
				ENABLE_USER_SCRIPT_SANDBOXING = YES;
				GCC_C_LANGUAGE_STANDARD = gnu17;
				GCC_NO_COMMON_BLOCKS = YES;
				GCC_WARN_64_TO_32_BIT_CONVERSION = YES;
				GCC_WARN_ABOUT_RETURN_TYPE = YES_ERROR;
				GCC_WARN_UNDECLARED_SELECTOR = YES;
				GCC_WARN_UNINITIALIZED_AUTOS = YES_AGGRESSIVE;
				GCC_WARN_UNUSED_FUNCTION = YES;
				GCC_WARN_UNUSED_VARIABLE = YES;
				IPHONEOS_DEPLOYMENT_TARGET = 26.5;
				LOCALIZATION_PREFERS_STRING_CATALOGS = YES;
				MTL_ENABLE_DEBUG_INFO = NO;
				MTL_FAST_MATH = YES;
				SDKROOT = iphoneos;
				SWIFT_COMPILATION_MODE = wholemodule;
				VALIDATE_PRODUCT = YES;
			};
			name = Release;
		};
		DE53214E303D008600EFC326 /* Debug */ = {
			isa = XCBuildConfiguration;
			buildSettings = {
				ASSETCATALOG_COMPILER_APPICON_NAME = AppIcon;
				ASSETCATALOG_COMPILER_GLOBAL_ACCENT_COLOR_NAME = AccentColor;
				CODE_SIGN_STYLE = Automatic;
				CURRENT_PROJECT_VERSION = 1;
				DEVELOPMENT_TEAM = NXSNHHAUQN;
				ENABLE_PREVIEWS = YES;
				GENERATE_INFOPLIST_FILE = YES;
				INFOPLIST_FILE = Info.plist;
				INFOPLIST_KEY_LSSupportsOpeningDocumentsInPlace = YES;
				INFOPLIST_KEY_NSCameraUsageDescription = "Marker films your swing when you press record on the swing screen. Nothing is filmed until you do, and the video stays on this iPhone.";
				INFOPLIST_KEY_NSLocationAlwaysAndWhenInUseUsageDescription = "Marker keeps recording your round while your phone is in your pocket. Without always-on location the track stops the moment the screen locks.";
				INFOPLIST_KEY_NSLocationWhenInUseUsageDescription = "Marker records where each shot was played so your round can be mapped and measured.";
				INFOPLIST_KEY_NSMicrophoneUsageDescription = "Marker listens only while you have recording switched on, so it can write down what the group says about each shot. Recording is off until you start it.";
				INFOPLIST_KEY_NSMotionUsageDescription = "Marker uses motion and the barometer to tell walking from standing and to measure how much a hole plays uphill.";
				INFOPLIST_KEY_NSSpeechRecognitionUsageDescription = "Marker turns what the group says into the round's notes. Recognition runs on this iPhone; nothing is sent anywhere.";
				INFOPLIST_KEY_UIApplicationSceneManifest_Generation = YES;
				INFOPLIST_KEY_UIApplicationSupportsIndirectInputEvents = YES;
				INFOPLIST_KEY_UILaunchScreen_Generation = YES;
				INFOPLIST_KEY_UISupportedInterfaceOrientations_iPad = "UIInterfaceOrientationPortrait UIInterfaceOrientationPortraitUpsideDown UIInterfaceOrientationLandscapeLeft UIInterfaceOrientationLandscapeRight";
				INFOPLIST_KEY_UISupportedInterfaceOrientations_iPhone = "UIInterfaceOrientationPortrait UIInterfaceOrientationLandscapeLeft UIInterfaceOrientationLandscapeRight";
				LD_RUNPATH_SEARCH_PATHS = (
					"$(inherited)",
					"@executable_path/Frameworks",
				);
				MARKETING_VERSION = 1.0;
				PRODUCT_BUNDLE_IDENTIFIER = "com.naelgol.Naelgol-Marker";
				PRODUCT_NAME = "$(TARGET_NAME)";
				STRING_CATALOG_GENERATE_SYMBOLS = YES;
				SWIFT_APPROACHABLE_CONCURRENCY = YES;
				SWIFT_DEFAULT_ACTOR_ISOLATION = MainActor;
				SWIFT_EMIT_LOC_STRINGS = YES;
				SWIFT_UPCOMING_FEATURE_MEMBER_IMPORT_VISIBILITY = YES;
				SWIFT_VERSION = 5.0;
				TARGETED_DEVICE_FAMILY = "1,2";
			};
			name = Debug;
		};
		DE53214F303D008600EFC326 /* Release */ = {
			isa = XCBuildConfiguration;
			buildSettings = {
				ASSETCATALOG_COMPILER_APPICON_NAME = AppIcon;
				ASSETCATALOG_COMPILER_GLOBAL_ACCENT_COLOR_NAME = AccentColor;
				CODE_SIGN_STYLE = Automatic;
				CURRENT_PROJECT_VERSION = 1;
				DEVELOPMENT_TEAM = NXSNHHAUQN;
				ENABLE_PREVIEWS = YES;
				GENERATE_INFOPLIST_FILE = YES;
				INFOPLIST_FILE = Info.plist;
				INFOPLIST_KEY_LSSupportsOpeningDocumentsInPlace = YES;
				INFOPLIST_KEY_NSCameraUsageDescription = "Marker films your swing when you press record on the swing screen. Nothing is filmed until you do, and the video stays on this iPhone.";
				INFOPLIST_KEY_NSLocationAlwaysAndWhenInUseUsageDescription = "Marker keeps recording your round while your phone is in your pocket. Without always-on location the track stops the moment the screen locks.";
				INFOPLIST_KEY_NSLocationWhenInUseUsageDescription = "Marker records where each shot was played so your round can be mapped and measured.";
				INFOPLIST_KEY_NSMicrophoneUsageDescription = "Marker listens only while you have recording switched on, so it can write down what the group says about each shot. Recording is off until you start it.";
				INFOPLIST_KEY_NSMotionUsageDescription = "Marker uses motion and the barometer to tell walking from standing and to measure how much a hole plays uphill.";
				INFOPLIST_KEY_NSSpeechRecognitionUsageDescription = "Marker turns what the group says into the round's notes. Recognition runs on this iPhone; nothing is sent anywhere.";
				INFOPLIST_KEY_UIApplicationSceneManifest_Generation = YES;
				INFOPLIST_KEY_UIApplicationSupportsIndirectInputEvents = YES;
				INFOPLIST_KEY_UILaunchScreen_Generation = YES;
				INFOPLIST_KEY_UISupportedInterfaceOrientations_iPad = "UIInterfaceOrientationPortrait UIInterfaceOrientationPortraitUpsideDown UIInterfaceOrientationLandscapeLeft UIInterfaceOrientationLandscapeRight";
				INFOPLIST_KEY_UISupportedInterfaceOrientations_iPhone = "UIInterfaceOrientationPortrait UIInterfaceOrientationLandscapeLeft UIInterfaceOrientationLandscapeRight";
				LD_RUNPATH_SEARCH_PATHS = (
					"$(inherited)",
					"@executable_path/Frameworks",
				);
				MARKETING_VERSION = 1.0;
				PRODUCT_BUNDLE_IDENTIFIER = "com.naelgol.Naelgol-Marker";
				PRODUCT_NAME = "$(TARGET_NAME)";
				STRING_CATALOG_GENERATE_SYMBOLS = YES;
				SWIFT_APPROACHABLE_CONCURRENCY = YES;
				SWIFT_DEFAULT_ACTOR_ISOLATION = MainActor;
				SWIFT_EMIT_LOC_STRINGS = YES;
				SWIFT_UPCOMING_FEATURE_MEMBER_IMPORT_VISIBILITY = YES;
				SWIFT_VERSION = 5.0;
				TARGETED_DEVICE_FAMILY = "1,2";
			};
			name = Release;
		};
/* End XCBuildConfiguration section */

/* Begin XCConfigurationList section */
		DE53213D303D008500EFC326 /* Build configuration list for PBXProject "Naelgol Marker" */ = {
			isa = XCConfigurationList;
			buildConfigurations = (
				DE53214B303D008600EFC326 /* Debug */,
				DE53214C303D008600EFC326 /* Release */,
			);
			defaultConfigurationIsVisible = 0;
			defaultConfigurationName = Release;
		};
		DE53214D303D008600EFC326 /* Build configuration list for PBXNativeTarget "Naelgol Marker" */ = {
			isa = XCConfigurationList;
			buildConfigurations = (
				DE53214E303D008600EFC326 /* Debug */,
				DE53214F303D008600EFC326 /* Release */,
			);
			defaultConfigurationIsVisible = 0;
			defaultConfigurationName = Release;
		};
/* End XCConfigurationList section */

/* Begin XCLocalSwiftPackageReference section */
		MK0000000000000000001 /* XCLocalSwiftPackageReference "../.." */ = {
			isa = XCLocalSwiftPackageReference;
			relativePath = ../..;
		};
		MK0000000000000000002 /* XCLocalSwiftPackageReference "../../Naelvol" */ = {
			isa = XCLocalSwiftPackageReference;
			relativePath = ../../Naelvol;
		};
		MK0000000000000000003 /* XCLocalSwiftPackageReference "../../Naelvol/TFLite" */ = {
			isa = XCLocalSwiftPackageReference;
			relativePath = ../../Naelvol/TFLite;
		};
/* End XCLocalSwiftPackageReference section */

/* Begin XCSwiftPackageProductDependency section */
		MK0000000000000000010 /* GolfSessionFormat */ = {
			isa = XCSwiftPackageProductDependency;
			productName = GolfSessionFormat;
		};
		MK0000000000000000011 /* GolfCaptureCore */ = {
			isa = XCSwiftPackageProductDependency;
			productName = GolfCaptureCore;
		};
		MK0000000000000000012 /* GolfCaptureMotion */ = {
			isa = XCSwiftPackageProductDependency;
			productName = GolfCaptureMotion;
		};
		MK0000000000000000013 /* GolfCourse */ = {
			isa = XCSwiftPackageProductDependency;
			productName = GolfCourse;
		};
		MK0000000000000000014 /* GolfMap */ = {
			isa = XCSwiftPackageProductDependency;
			productName = GolfMap;
		};
		MK0000000000000000015 /* GolfReconstruction */ = {
			isa = XCSwiftPackageProductDependency;
			productName = GolfReconstruction;
		};
		MK0000000000000000016 /* GolfTranscription */ = {
			isa = XCSwiftPackageProductDependency;
			productName = GolfTranscription;
		};
		MK0000000000000000017 /* GolfCourseOSM */ = {
			isa = XCSwiftPackageProductDependency;
			productName = GolfCourseOSM;
		};
		MK0000000000000000018 /* GolfTerrain */ = {
			isa = XCSwiftPackageProductDependency;
			productName = GolfTerrain;
		};
		MK0000000000000000019 /* GolfExchange */ = {
			isa = XCSwiftPackageProductDependency;
			productName = GolfExchange;
		};
		MK0000000000000000030 /* NaelvolCore */ = {
			isa = XCSwiftPackageProductDependency;
			productName = NaelvolCore;
		};
		MK0000000000000000031 /* NaelvolPose */ = {
			isa = XCSwiftPackageProductDependency;
			productName = NaelvolPose;
		};
		MK0000000000000000032 /* NaelvolCapture */ = {
			isa = XCSwiftPackageProductDependency;
			productName = NaelvolCapture;
		};
		MK0000000000000000033 /* NaelvolUI */ = {
			isa = XCSwiftPackageProductDependency;
			productName = NaelvolUI;
		};
		MK0000000000000000034 /* NaelvolPoseTFLite */ = {
			isa = XCSwiftPackageProductDependency;
			productName = NaelvolPoseTFLite;
		};
/* End XCSwiftPackageProductDependency section */
	};
	rootObject = DE53213A303D008500EFC326 /* Project object */;
}
